
Microsoft Visual Studio Solution File, Format Version 12.00
# Visual Studio Version 17
VisualStudioVersion = 17.8.34511.84
MinimumVisualStudioVersion = 10.0.40219.1
Project("{FAE04EC0-301F-11D3-BF4B-00C04F79EFBC}") = "Agenzia_Delle_Entrate", "Agenzia_Delle_Entrate\Agenzia_Delle_Entrate.csproj", "{6A692063-08C6-470C-8497-6A16B5628D51}"
EndProject
Global
	GlobalSection(SolutionConfigurationPlatforms) = preSolution
		Debug|Any CPU = Debug|Any CPU
		Release|Any CPU = Release|Any CPU
	EndGlobalSection
	GlobalSection(ProjectConfigurationPlatforms) = postSolution
		{6A692063-08C6-470C-8497-6A16B5628D51}.Debug|Any CPU.ActiveCfg = Debug|Any CPU
		{6A692063-08C6-470C-8497-6A16B5628D51}.Debug|Any CPU.Build.0 = Debug|Any CPU
		{6A692063-08C6-470C-8497-6A16B5628D51}.Release|Any CPU.ActiveCfg = Release|Any CPU
		{6A692063-08C6-470C-8497-6A16B5628D51}.Release|Any CPU.Build.0 = Release|Any CPU
	EndGlobalSection
	GlobalSection(SolutionProperties) = preSolution
		HideSolutionNode = FALSE
	EndGlobalSection
	GlobalSection(ExtensibilityGlobals) = postSolution
		SolutionGuid = {13D3B879-D087-4746-8745-DCA1658EDE6A}
	EndGlobalSection
EndGlobal
